
Microsoft Visual Studio Solution File, Format Version 12.00
# Visual Studio Version 17
VisualStudioVersion = 17.5.002.0
MinimumVisualStudioVersion = 10.0.40219.1
Project("{9A19103F-16F7-4668-BE54-9A1E7A4F7556}") = "Mvc", "Mvc.csproj", "{F352B336-FC6B-4095-A3DB-5FC343331609}"
EndProject
Global
	GlobalSection(SolutionConfigurationPlatforms) = preSolution
		Debug|Any CPU = Debug|Any CPU
		Release|Any CPU = Release|Any CPU
	EndGlobalSection
	GlobalSection(ProjectConfigurationPlatforms) = postSolution
		{F352B336-FC6B-4095-A3DB-5FC343331609}.Debug|Any CPU.ActiveCfg = Debug|Any CPU
		{F352B336-FC6B-4095-A3DB-5FC343331609}.Debug|Any CPU.Build.0 = Debug|Any CPU
		{F352B336-FC6B-4095-A3DB-5FC343331609}.Release|Any CPU.ActiveCfg = Release|Any CPU
		{F352B336-FC6B-4095-A3DB-5FC343331609}.Release|Any CPU.Build.0 = Release|Any CPU
	EndGlobalSection
	GlobalSection(SolutionProperties) = preSolution
		HideSolutionNode = FALSE
	EndGlobalSection
	GlobalSection(ExtensibilityGlobals) = postSolution
		SolutionGuid = {8333590E-0126-451D-B38A-D7B6676F639D}
	EndGlobalSection
EndGlobal
